
Microsoft Visual Studio Solution File, Format Version 12.00
# Visual Studio Version 17
VisualStudioVersion = 17.7.34031.279
MinimumVisualStudioVersion = 10.0.40219.1
Project("{FAE04EC0-301F-11D3-BF4B-00C04F79EFBC}") = "OOPLR1", "OOPLR1\OOPLR1.csproj", "{B7258A8A-EB30-4150-9F02-3B03A10A933D}"
EndProject
Global
	GlobalSection(SolutionConfigurationPlatforms) = preSolution
		Debug|Any CPU = Debug|Any CPU
		Release|Any CPU = Release|Any CPU
	EndGlobalSection
	GlobalSection(ProjectConfigurationPlatforms) = postSolution
		{B7258A8A-EB30-4150-9F02-3B03A10A933D}.Debug|Any CPU.ActiveCfg = Debug|Any CPU
		{B7258A8A-EB30-4150-9F02-3B03A10A933D}.Debug|Any CPU.Build.0 = Debug|Any CPU
		{B7258A8A-EB30-4150-9F02-3B03A10A933D}.Release|Any CPU.ActiveCfg = Release|Any CPU
		{B7258A8A-EB30-4150-9F02-3B03A10A933D}.Release|Any CPU.Build.0 = Release|Any CPU
	EndGlobalSection
	GlobalSection(SolutionProperties) = preSolution
		HideSolutionNode = FALSE
	EndGlobalSection
	GlobalSection(ExtensibilityGlobals) = postSolution
		SolutionGuid = {28281AC3-6DED-4366-A7B6-4EE4186697D2}
	EndGlobalSection
EndGlobal
