
Microsoft Visual Studio Solution File, Format Version 12.00
Project("{FAE04EC0-301F-11D3-BF4B-00C04F79EFBC}") = "DoubleLinkedList", "DoubleLinkedList\DoubleLinkedList.csproj", "{8BA44686-A3AD-4C74-998F-077C3DAFB710}"
EndProject
Project("{FAE04EC0-301F-11D3-BF4B-00C04F79EFBC}") = "Program", "Program\Program.csproj", "{0963890C-CDF3-4D32-97C1-E4A75858323C}"
EndProject
Global
	GlobalSection(SolutionConfigurationPlatforms) = preSolution
		Debug|Any CPU = Debug|Any CPU
		Release|Any CPU = Release|Any CPU
	EndGlobalSection
	GlobalSection(ProjectConfigurationPlatforms) = postSolution
		{8BA44686-A3AD-4C74-998F-077C3DAFB710}.Debug|Any CPU.ActiveCfg = Debug|Any CPU
		{8BA44686-A3AD-4C74-998F-077C3DAFB710}.Debug|Any CPU.Build.0 = Debug|Any CPU
		{8BA44686-A3AD-4C74-998F-077C3DAFB710}.Release|Any CPU.ActiveCfg = Release|Any CPU
		{8BA44686-A3AD-4C74-998F-077C3DAFB710}.Release|Any CPU.Build.0 = Release|Any CPU
		{0963890C-CDF3-4D32-97C1-E4A75858323C}.Debug|Any CPU.ActiveCfg = Debug|Any CPU
		{0963890C-CDF3-4D32-97C1-E4A75858323C}.Debug|Any CPU.Build.0 = Debug|Any CPU
		{0963890C-CDF3-4D32-97C1-E4A75858323C}.Release|Any CPU.ActiveCfg = Release|Any CPU
		{0963890C-CDF3-4D32-97C1-E4A75858323C}.Release|Any CPU.Build.0 = Release|Any CPU
	EndGlobalSection
EndGlobal
