
Microsoft Visual Studio Solution File, Format Version 12.00
# Visual Studio Version 17
VisualStudioVersion = 17.7.34031.279
MinimumVisualStudioVersion = 10.0.40219.1
Project("{FAE04EC0-301F-11D3-BF4B-00C04F79EFBC}") = "OOPLR8", "OOPLR8\OOPLR8.csproj", "{12982B32-2EE1-4594-B025-03095310F152}"
EndProject
Global
	GlobalSection(SolutionConfigurationPlatforms) = preSolution
		Debug|Any CPU = Debug|Any CPU
		Release|Any CPU = Release|Any CPU
	EndGlobalSection
	GlobalSection(ProjectConfigurationPlatforms) = postSolution
		{12982B32-2EE1-4594-B025-03095310F152}.Debug|Any CPU.ActiveCfg = Debug|Any CPU
		{12982B32-2EE1-4594-B025-03095310F152}.Debug|Any CPU.Build.0 = Debug|Any CPU
		{12982B32-2EE1-4594-B025-03095310F152}.Release|Any CPU.ActiveCfg = Release|Any CPU
		{12982B32-2EE1-4594-B025-03095310F152}.Release|Any CPU.Build.0 = Release|Any CPU
	EndGlobalSection
	GlobalSection(SolutionProperties) = preSolution
		HideSolutionNode = FALSE
	EndGlobalSection
	GlobalSection(ExtensibilityGlobals) = postSolution
		SolutionGuid = {BA8351BD-7C71-496E-8FFF-80DB46C21554}
	EndGlobalSection
EndGlobal
