
Microsoft Visual Studio Solution File, Format Version 12.00
# Visual Studio Version 17
VisualStudioVersion = 17.7.34031.279
MinimumVisualStudioVersion = 10.0.40219.1
Project("{FAE04EC0-301F-11D3-BF4B-00C04F79EFBC}") = "OOPLR2", "OOPLR2\OOPLR2.csproj", "{0893DFB3-4B0A-439D-A189-8452ED91FFE4}"
EndProject
Global
	GlobalSection(SolutionConfigurationPlatforms) = preSolution
		Debug|Any CPU = Debug|Any CPU
		Release|Any CPU = Release|Any CPU
	EndGlobalSection
	GlobalSection(ProjectConfigurationPlatforms) = postSolution
		{0893DFB3-4B0A-439D-A189-8452ED91FFE4}.Debug|Any CPU.ActiveCfg = Debug|Any CPU
		{0893DFB3-4B0A-439D-A189-8452ED91FFE4}.Debug|Any CPU.Build.0 = Debug|Any CPU
		{0893DFB3-4B0A-439D-A189-8452ED91FFE4}.Release|Any CPU.ActiveCfg = Release|Any CPU
		{0893DFB3-4B0A-439D-A189-8452ED91FFE4}.Release|Any CPU.Build.0 = Release|Any CPU
	EndGlobalSection
	GlobalSection(SolutionProperties) = preSolution
		HideSolutionNode = FALSE
	EndGlobalSection
	GlobalSection(ExtensibilityGlobals) = postSolution
		SolutionGuid = {5756C433-7BD5-43DD-AF51-773FFE28D364}
	EndGlobalSection
EndGlobal
