
Microsoft Visual Studio Solution File, Format Version 12.00
Project("{FAE04EC0-301F-11D3-BF4B-00C04F79EFBC}") = "Main", "Main\Main.csproj", "{2ADA2E2B-3869-49D0-9D8B-D6FE47F1F248}"
EndProject
Project("{FAE04EC0-301F-11D3-BF4B-00C04F79EFBC}") = "ClassLib", "ClassLib\ClassLib.csproj", "{194B7823-41BF-4009-9B99-BE1B624F56FD}"
EndProject
Global
	GlobalSection(SolutionConfigurationPlatforms) = preSolution
		Debug|Any CPU = Debug|Any CPU
		Release|Any CPU = Release|Any CPU
	EndGlobalSection
	GlobalSection(ProjectConfigurationPlatforms) = postSolution
		{2ADA2E2B-3869-49D0-9D8B-D6FE47F1F248}.Debug|Any CPU.ActiveCfg = Debug|Any CPU
		{2ADA2E2B-3869-49D0-9D8B-D6FE47F1F248}.Debug|Any CPU.Build.0 = Debug|Any CPU
		{2ADA2E2B-3869-49D0-9D8B-D6FE47F1F248}.Release|Any CPU.ActiveCfg = Release|Any CPU
		{2ADA2E2B-3869-49D0-9D8B-D6FE47F1F248}.Release|Any CPU.Build.0 = Release|Any CPU
		{194B7823-41BF-4009-9B99-BE1B624F56FD}.Debug|Any CPU.ActiveCfg = Debug|Any CPU
		{194B7823-41BF-4009-9B99-BE1B624F56FD}.Debug|Any CPU.Build.0 = Debug|Any CPU
		{194B7823-41BF-4009-9B99-BE1B624F56FD}.Release|Any CPU.ActiveCfg = Release|Any CPU
		{194B7823-41BF-4009-9B99-BE1B624F56FD}.Release|Any CPU.Build.0 = Release|Any CPU
	EndGlobalSection
EndGlobal
